
Microsoft Visual Studio Solution File, Format Version 12.00
# Visual Studio Version 17
VisualStudioVersion = 17.4.33213.308
MinimumVisualStudioVersion = 10.0.40219.1
Project("{FAE04EC0-301F-11D3-BF4B-00C04F79EFBC}") = "ChallengeApp", "ChallengeApp\ChallengeApp.csproj", "{D7FBF5FF-DDCA-45FA-BD36-3A17869A5006}"
EndProject
Global
	GlobalSection(SolutionConfigurationPlatforms) = preSolution
		Debug|Any CPU = Debug|Any CPU
		Release|Any CPU = Release|Any CPU
	EndGlobalSection
	GlobalSection(ProjectConfigurationPlatforms) = postSolution
		{D7FBF5FF-DDCA-45FA-BD36-3A17869A5006}.Debug|Any CPU.ActiveCfg = Debug|Any CPU
		{D7FBF5FF-DDCA-45FA-BD36-3A17869A5006}.Debug|Any CPU.Build.0 = Debug|Any CPU
		{D7FBF5FF-DDCA-45FA-BD36-3A17869A5006}.Release|Any CPU.ActiveCfg = Release|Any CPU
		{D7FBF5FF-DDCA-45FA-BD36-3A17869A5006}.Release|Any CPU.Build.0 = Release|Any CPU
	EndGlobalSection
	GlobalSection(SolutionProperties) = preSolution
		HideSolutionNode = FALSE
	EndGlobalSection
	GlobalSection(ExtensibilityGlobals) = postSolution
		SolutionGuid = {D1BCBEFB-E65A-4093-9B41-4C850FACB669}
	EndGlobalSection
EndGlobal
